
Microsoft Visual Studio Solution File, Format Version 12.00
# Visual Studio Version 16
VisualStudioVersion = 16.0.29806.167
MinimumVisualStudioVersion = 10.0.40219.1
Project("{2150E333-8FDC-42A3-9474-1A3956D46DE8}") = "Src", "Src", "{3368112B-37D1-436F-8432-96112F174044}"
EndProject
Project("{FAE04EC0-301F-11D3-BF4B-00C04F79EFBC}") = "Rosier.Blog.Data", "Src\Data\Rosier.Blog.Data.csproj", "{9F782261-7F82-4599-A9C6-CB2B49925F80}"
EndProject
Project("{FAE04EC0-301F-11D3-BF4B-00C04F79EFBC}") = "Rosier.Blog.Model", "Src\Model\Rosier.Blog.Model.csproj", "{97FC3956-11F6-4A63-8529-4E03253D77D1}"
EndProject
Project("{FAE04EC0-301F-11D3-BF4B-00C04F79EFBC}") = "Rosier.Blog.Services", "Src\Services\Services\Rosier.Blog.Services.csproj", "{FD0A04CA-07CB-4FF5-B3D0-7D7A01E867F9}"
EndProject
Project("{FAE04EC0-301F-11D3-BF4B-00C04F79EFBC}") = "Rosier.Blog.Services.ViewModel", "Src\Services\Services.ViewModel\Rosier.Blog.Services.ViewModel.csproj", "{74E9A46D-75AE-4A4F-ACED-940FFEAA1B41}"
EndProject
Project("{FAE04EC0-301F-11D3-BF4B-00C04F79EFBC}") = "Rosier.Blog.Web", "Src\Web\Rosier.Blog.Web.csproj", "{3D20AF3F-0945-42E6-864C-1D70BF346806}"
EndProject
Project("{2150E333-8FDC-42A3-9474-1A3956D46DE8}") = "Tests", "Tests", "{EDD9C00E-045B-43A4-8C49-6125868A93F3}"
EndProject
Project("{FAE04EC0-301F-11D3-BF4B-00C04F79EFBC}") = "Rosier.Blog.Model.Tests", "Src\Tests\Model\Rosier.Blog.Model.Tests.csproj", "{2367B9F8-3513-4DDE-AF9C-27776A17198E}"
EndProject
Project("{FAE04EC0-301F-11D3-BF4B-00C04F79EFBC}") = "Rosier.Blog.Service.AtomService.Tests", "Src\Tests\Services\AtomService.Tests\Rosier.Blog.Service.AtomService.Tests.csproj", "{F10B1DBE-26E2-4DB2-88BB-ABF1BBD7B333}"
EndProject
Project("{FAE04EC0-301F-11D3-BF4B-00C04F79EFBC}") = "Rosier.Blog.Services.BlogService.Tests", "Src\Tests\Services\BlogServiceTests\Rosier.Blog.Services.BlogService.Tests.csproj", "{C41CF6F2-6349-4337-BD43-C5A9F004ACB2}"
EndProject
Project("{FAE04EC0-301F-11D3-BF4B-00C04F79EFBC}") = "Rosier.Blog.Services.Extentions.Tests", "Src\Tests\Services\Extentions.Tests\Rosier.Blog.Services.Extentions.Tests.csproj", "{DCC48173-3AE4-4358-BA94-8ADDF97FA99B}"
EndProject
Project("{FAE04EC0-301F-11D3-BF4B-00C04F79EFBC}") = "Rosier.Blog.Web.Tests", "Src\Tests\Web\Rosier.Blog.Web.Tests.csproj", "{0BC3E6F7-9491-46D2-8299-46078623F7D1}"
EndProject
Global
	GlobalSection(SolutionConfigurationPlatforms) = preSolution
		Debug|Any CPU = Debug|Any CPU
		Release|Any CPU = Release|Any CPU
	EndGlobalSection
	GlobalSection(ProjectConfigurationPlatforms) = postSolution
		{9F782261-7F82-4599-A9C6-CB2B49925F80}.Debug|Any CPU.ActiveCfg = Debug|Any CPU
		{9F782261-7F82-4599-A9C6-CB2B49925F80}.Debug|Any CPU.Build.0 = Debug|Any CPU
		{9F782261-7F82-4599-A9C6-CB2B49925F80}.Release|Any CPU.ActiveCfg = Release|Any CPU
		{9F782261-7F82-4599-A9C6-CB2B49925F80}.Release|Any CPU.Build.0 = Release|Any CPU
		{97FC3956-11F6-4A63-8529-4E03253D77D1}.Debug|Any CPU.ActiveCfg = Debug|Any CPU
		{97FC3956-11F6-4A63-8529-4E03253D77D1}.Debug|Any CPU.Build.0 = Debug|Any CPU
		{97FC3956-11F6-4A63-8529-4E03253D77D1}.Release|Any CPU.ActiveCfg = Release|Any CPU
		{97FC3956-11F6-4A63-8529-4E03253D77D1}.Release|Any CPU.Build.0 = Release|Any CPU
		{FD0A04CA-07CB-4FF5-B3D0-7D7A01E867F9}.Debug|Any CPU.ActiveCfg = Debug|Any CPU
		{FD0A04CA-07CB-4FF5-B3D0-7D7A01E867F9}.Debug|Any CPU.Build.0 = Debug|Any CPU
		{FD0A04CA-07CB-4FF5-B3D0-7D7A01E867F9}.Release|Any CPU.ActiveCfg = Release|Any CPU
		{FD0A04CA-07CB-4FF5-B3D0-7D7A01E867F9}.Release|Any CPU.Build.0 = Release|Any CPU
		{74E9A46D-75AE-4A4F-ACED-940FFEAA1B41}.Debug|Any CPU.ActiveCfg = Debug|Any CPU
		{74E9A46D-75AE-4A4F-ACED-940FFEAA1B41}.Debug|Any CPU.Build.0 = Debug|Any CPU
		{74E9A46D-75AE-4A4F-ACED-940FFEAA1B41}.Release|Any CPU.ActiveCfg = Release|Any CPU
		{74E9A46D-75AE-4A4F-ACED-940FFEAA1B41}.Release|Any CPU.Build.0 = Release|Any CPU
		{3D20AF3F-0945-42E6-864C-1D70BF346806}.Debug|Any CPU.ActiveCfg = Debug|Any CPU
		{3D20AF3F-0945-42E6-864C-1D70BF346806}.Debug|Any CPU.Build.0 = Debug|Any CPU
		{3D20AF3F-0945-42E6-864C-1D70BF346806}.Release|Any CPU.ActiveCfg = Release|Any CPU
		{3D20AF3F-0945-42E6-864C-1D70BF346806}.Release|Any CPU.Build.0 = Release|Any CPU
		{2367B9F8-3513-4DDE-AF9C-27776A17198E}.Debug|Any CPU.ActiveCfg = Debug|Any CPU
		{2367B9F8-3513-4DDE-AF9C-27776A17198E}.Debug|Any CPU.Build.0 = Debug|Any CPU
		{2367B9F8-3513-4DDE-AF9C-27776A17198E}.Release|Any CPU.ActiveCfg = Release|Any CPU
		{2367B9F8-3513-4DDE-AF9C-27776A17198E}.Release|Any CPU.Build.0 = Release|Any CPU
		{F10B1DBE-26E2-4DB2-88BB-ABF1BBD7B333}.Debug|Any CPU.ActiveCfg = Debug|Any CPU
		{F10B1DBE-26E2-4DB2-88BB-ABF1BBD7B333}.Debug|Any CPU.Build.0 = Debug|Any CPU
		{F10B1DBE-26E2-4DB2-88BB-ABF1BBD7B333}.Release|Any CPU.ActiveCfg = Release|Any CPU
		{F10B1DBE-26E2-4DB2-88BB-ABF1BBD7B333}.Release|Any CPU.Build.0 = Release|Any CPU
		{C41CF6F2-6349-4337-BD43-C5A9F004ACB2}.Debug|Any CPU.ActiveCfg = Debug|Any CPU
		{C41CF6F2-6349-4337-BD43-C5A9F004ACB2}.Debug|Any CPU.Build.0 = Debug|Any CPU
		{C41CF6F2-6349-4337-BD43-C5A9F004ACB2}.Release|Any CPU.ActiveCfg = Release|Any CPU
		{C41CF6F2-6349-4337-BD43-C5A9F004ACB2}.Release|Any CPU.Build.0 = Release|Any CPU
		{DCC48173-3AE4-4358-BA94-8ADDF97FA99B}.Debug|Any CPU.ActiveCfg = Debug|Any CPU
		{DCC48173-3AE4-4358-BA94-8ADDF97FA99B}.Debug|Any CPU.Build.0 = Debug|Any CPU
		{DCC48173-3AE4-4358-BA94-8ADDF97FA99B}.Release|Any CPU.ActiveCfg = Release|Any CPU
		{DCC48173-3AE4-4358-BA94-8ADDF97FA99B}.Release|Any CPU.Build.0 = Release|Any CPU
		{0BC3E6F7-9491-46D2-8299-46078623F7D1}.Debug|Any CPU.ActiveCfg = Debug|Any CPU
		{0BC3E6F7-9491-46D2-8299-46078623F7D1}.Debug|Any CPU.Build.0 = Debug|Any CPU
		{0BC3E6F7-9491-46D2-8299-46078623F7D1}.Release|Any CPU.ActiveCfg = Release|Any CPU
		{0BC3E6F7-9491-46D2-8299-46078623F7D1}.Release|Any CPU.Build.0 = Release|Any CPU
	EndGlobalSection
	GlobalSection(SolutionProperties) = preSolution
		HideSolutionNode = FALSE
	EndGlobalSection
	GlobalSection(NestedProjects) = preSolution
		{9F782261-7F82-4599-A9C6-CB2B49925F80} = {3368112B-37D1-436F-8432-96112F174044}
		{97FC3956-11F6-4A63-8529-4E03253D77D1} = {3368112B-37D1-436F-8432-96112F174044}
		{FD0A04CA-07CB-4FF5-B3D0-7D7A01E867F9} = {3368112B-37D1-436F-8432-96112F174044}
		{74E9A46D-75AE-4A4F-ACED-940FFEAA1B41} = {3368112B-37D1-436F-8432-96112F174044}
		{3D20AF3F-0945-42E6-864C-1D70BF346806} = {3368112B-37D1-436F-8432-96112F174044}
		{EDD9C00E-045B-43A4-8C49-6125868A93F3} = {3368112B-37D1-436F-8432-96112F174044}
		{2367B9F8-3513-4DDE-AF9C-27776A17198E} = {EDD9C00E-045B-43A4-8C49-6125868A93F3}
		{F10B1DBE-26E2-4DB2-88BB-ABF1BBD7B333} = {EDD9C00E-045B-43A4-8C49-6125868A93F3}
		{C41CF6F2-6349-4337-BD43-C5A9F004ACB2} = {EDD9C00E-045B-43A4-8C49-6125868A93F3}
		{DCC48173-3AE4-4358-BA94-8ADDF97FA99B} = {EDD9C00E-045B-43A4-8C49-6125868A93F3}
		{0BC3E6F7-9491-46D2-8299-46078623F7D1} = {EDD9C00E-045B-43A4-8C49-6125868A93F3}
	EndGlobalSection
	GlobalSection(ExtensibilityGlobals) = postSolution
		SolutionGuid = {77D7677C-894B-4704-9F22-D96AE07EB721}
	EndGlobalSection
	GlobalSection(SubversionScc) = preSolution
		Svn-Managed = True
		Manager = AnkhSVN - Subversion Support for Visual Studio
	EndGlobalSection
EndGlobal
