
Microsoft Visual Studio Solution File, Format Version 12.00
# Visual Studio Version 16
VisualStudioVersion = 16.0.29806.167
MinimumVisualStudioVersion = 10.0.40219.1
Project("{2150E333-8FDC-42A3-9474-1A3956D46DE8}") = "Src", "Src", "{3368112B-37D1-436F-8432-96112F174044}"
EndProject
Project("{9A19103F-16F7-4668-BE54-9A1E7A4F7556}") = "Rosier.Blog.Web", "Src\Web\Rosier.Blog.Web.csproj", "{6D0B410D-AEFE-4782-AD6C-44695A0A4167}"
EndProject
Project("{9A19103F-16F7-4668-BE54-9A1E7A4F7556}") = "Rosier.Blog.Services", "Src\Services\Services\Rosier.Blog.Services.csproj", "{7E3A266E-412A-4156-9A3A-57DD60BB1BC4}"
EndProject
Project("{9A19103F-16F7-4668-BE54-9A1E7A4F7556}") = "Rosier.Blog.Services.ViewModel", "Src\Services\Services.ViewModel\Rosier.Blog.Services.ViewModel.csproj", "{9614D6BD-7767-4EFA-BE15-45A8948E12F8}"
EndProject
Project("{9A19103F-16F7-4668-BE54-9A1E7A4F7556}") = "Rosier.Blog.Model", "Src\Model\Rosier.Blog.Model.csproj", "{AF44C24D-6448-455B-9580-428623BF11F6}"
EndProject
Project("{9A19103F-16F7-4668-BE54-9A1E7A4F7556}") = "Rosier.Blog.Data", "Src\Data\Rosier.Blog.Data.csproj", "{7E05335F-1CBF-41AC-B46B-AD708904D8C6}"
EndProject
Project("{2150E333-8FDC-42A3-9474-1A3956D46DE8}") = "Tests", "Tests", "{D8DC386E-31E9-4DE5-AFF1-119C7342C583}"
EndProject
Project("{9A19103F-16F7-4668-BE54-9A1E7A4F7556}") = "Rosier.Blog.Model.Tests", "Src\Tests\Model\Rosier.Blog.Model.Tests.csproj", "{388045A7-5DF0-447A-ABAA-B368BB6E009E}"
EndProject
Project("{9A19103F-16F7-4668-BE54-9A1E7A4F7556}") = "Rosier.Blog.Service.AtomService.Tests", "Src\Tests\Services\AtomService.Tests\Rosier.Blog.Service.AtomService.Tests.csproj", "{E6A50905-4DD5-4A82-BEC1-FFA36879BBA8}"
EndProject
Project("{9A19103F-16F7-4668-BE54-9A1E7A4F7556}") = "Rosier.Blog.Services.BlogService.Tests", "Src\Tests\Services\BlogServiceTests\Rosier.Blog.Services.BlogService.Tests.csproj", "{3FA1626A-5606-4F4E-8602-3E40B19D591B}"
EndProject
Project("{9A19103F-16F7-4668-BE54-9A1E7A4F7556}") = "Rosier.Blog.Services.Extentions.Tests", "Src\Tests\Services\Extentions.Tests\Rosier.Blog.Services.Extentions.Tests.csproj", "{3D73034E-94D8-4144-A13B-509EB695B0BD}"
EndProject
Project("{9A19103F-16F7-4668-BE54-9A1E7A4F7556}") = "Rosier.Blog.Web.Tests", "Src\Tests\Web\Rosier.Blog.Web.Tests.csproj", "{74F6F2CB-3EB0-4F70-B8B9-632737D1278C}"
EndProject
Global
	GlobalSection(SolutionConfigurationPlatforms) = preSolution
		Debug|Any CPU = Debug|Any CPU
		Release|Any CPU = Release|Any CPU
	EndGlobalSection
	GlobalSection(ProjectConfigurationPlatforms) = postSolution
		{6D0B410D-AEFE-4782-AD6C-44695A0A4167}.Debug|Any CPU.ActiveCfg = Debug|Any CPU
		{6D0B410D-AEFE-4782-AD6C-44695A0A4167}.Debug|Any CPU.Build.0 = Debug|Any CPU
		{6D0B410D-AEFE-4782-AD6C-44695A0A4167}.Release|Any CPU.ActiveCfg = Release|Any CPU
		{6D0B410D-AEFE-4782-AD6C-44695A0A4167}.Release|Any CPU.Build.0 = Release|Any CPU
		{7E3A266E-412A-4156-9A3A-57DD60BB1BC4}.Debug|Any CPU.ActiveCfg = Debug|Any CPU
		{7E3A266E-412A-4156-9A3A-57DD60BB1BC4}.Debug|Any CPU.Build.0 = Debug|Any CPU
		{7E3A266E-412A-4156-9A3A-57DD60BB1BC4}.Release|Any CPU.ActiveCfg = Release|Any CPU
		{7E3A266E-412A-4156-9A3A-57DD60BB1BC4}.Release|Any CPU.Build.0 = Release|Any CPU
		{9614D6BD-7767-4EFA-BE15-45A8948E12F8}.Debug|Any CPU.ActiveCfg = Debug|Any CPU
		{9614D6BD-7767-4EFA-BE15-45A8948E12F8}.Debug|Any CPU.Build.0 = Debug|Any CPU
		{9614D6BD-7767-4EFA-BE15-45A8948E12F8}.Release|Any CPU.ActiveCfg = Release|Any CPU
		{9614D6BD-7767-4EFA-BE15-45A8948E12F8}.Release|Any CPU.Build.0 = Release|Any CPU
		{AF44C24D-6448-455B-9580-428623BF11F6}.Debug|Any CPU.ActiveCfg = Debug|Any CPU
		{AF44C24D-6448-455B-9580-428623BF11F6}.Debug|Any CPU.Build.0 = Debug|Any CPU
		{AF44C24D-6448-455B-9580-428623BF11F6}.Release|Any CPU.ActiveCfg = Release|Any CPU
		{AF44C24D-6448-455B-9580-428623BF11F6}.Release|Any CPU.Build.0 = Release|Any CPU
		{7E05335F-1CBF-41AC-B46B-AD708904D8C6}.Debug|Any CPU.ActiveCfg = Debug|Any CPU
		{7E05335F-1CBF-41AC-B46B-AD708904D8C6}.Debug|Any CPU.Build.0 = Debug|Any CPU
		{7E05335F-1CBF-41AC-B46B-AD708904D8C6}.Release|Any CPU.ActiveCfg = Release|Any CPU
		{7E05335F-1CBF-41AC-B46B-AD708904D8C6}.Release|Any CPU.Build.0 = Release|Any CPU
		{388045A7-5DF0-447A-ABAA-B368BB6E009E}.Debug|Any CPU.ActiveCfg = Debug|Any CPU
		{388045A7-5DF0-447A-ABAA-B368BB6E009E}.Debug|Any CPU.Build.0 = Debug|Any CPU
		{388045A7-5DF0-447A-ABAA-B368BB6E009E}.Release|Any CPU.ActiveCfg = Release|Any CPU
		{388045A7-5DF0-447A-ABAA-B368BB6E009E}.Release|Any CPU.Build.0 = Release|Any CPU
		{E6A50905-4DD5-4A82-BEC1-FFA36879BBA8}.Debug|Any CPU.ActiveCfg = Debug|Any CPU
		{E6A50905-4DD5-4A82-BEC1-FFA36879BBA8}.Debug|Any CPU.Build.0 = Debug|Any CPU
		{E6A50905-4DD5-4A82-BEC1-FFA36879BBA8}.Release|Any CPU.ActiveCfg = Release|Any CPU
		{E6A50905-4DD5-4A82-BEC1-FFA36879BBA8}.Release|Any CPU.Build.0 = Release|Any CPU
		{3FA1626A-5606-4F4E-8602-3E40B19D591B}.Debug|Any CPU.ActiveCfg = Debug|Any CPU
		{3FA1626A-5606-4F4E-8602-3E40B19D591B}.Debug|Any CPU.Build.0 = Debug|Any CPU
		{3FA1626A-5606-4F4E-8602-3E40B19D591B}.Release|Any CPU.ActiveCfg = Release|Any CPU
		{3FA1626A-5606-4F4E-8602-3E40B19D591B}.Release|Any CPU.Build.0 = Release|Any CPU
		{3D73034E-94D8-4144-A13B-509EB695B0BD}.Debug|Any CPU.ActiveCfg = Debug|Any CPU
		{3D73034E-94D8-4144-A13B-509EB695B0BD}.Debug|Any CPU.Build.0 = Debug|Any CPU
		{3D73034E-94D8-4144-A13B-509EB695B0BD}.Release|Any CPU.ActiveCfg = Release|Any CPU
		{3D73034E-94D8-4144-A13B-509EB695B0BD}.Release|Any CPU.Build.0 = Release|Any CPU
		{74F6F2CB-3EB0-4F70-B8B9-632737D1278C}.Debug|Any CPU.ActiveCfg = Debug|Any CPU
		{74F6F2CB-3EB0-4F70-B8B9-632737D1278C}.Debug|Any CPU.Build.0 = Debug|Any CPU
		{74F6F2CB-3EB0-4F70-B8B9-632737D1278C}.Release|Any CPU.ActiveCfg = Release|Any CPU
		{74F6F2CB-3EB0-4F70-B8B9-632737D1278C}.Release|Any CPU.Build.0 = Release|Any CPU
	EndGlobalSection
	GlobalSection(SolutionProperties) = preSolution
		HideSolutionNode = FALSE
	EndGlobalSection
	GlobalSection(NestedProjects) = preSolution
		{6D0B410D-AEFE-4782-AD6C-44695A0A4167} = {3368112B-37D1-436F-8432-96112F174044}
		{7E3A266E-412A-4156-9A3A-57DD60BB1BC4} = {3368112B-37D1-436F-8432-96112F174044}
		{9614D6BD-7767-4EFA-BE15-45A8948E12F8} = {3368112B-37D1-436F-8432-96112F174044}
		{AF44C24D-6448-455B-9580-428623BF11F6} = {3368112B-37D1-436F-8432-96112F174044}
		{7E05335F-1CBF-41AC-B46B-AD708904D8C6} = {3368112B-37D1-436F-8432-96112F174044}
		{388045A7-5DF0-447A-ABAA-B368BB6E009E} = {D8DC386E-31E9-4DE5-AFF1-119C7342C583}
		{E6A50905-4DD5-4A82-BEC1-FFA36879BBA8} = {D8DC386E-31E9-4DE5-AFF1-119C7342C583}
		{3FA1626A-5606-4F4E-8602-3E40B19D591B} = {D8DC386E-31E9-4DE5-AFF1-119C7342C583}
		{3D73034E-94D8-4144-A13B-509EB695B0BD} = {D8DC386E-31E9-4DE5-AFF1-119C7342C583}
		{74F6F2CB-3EB0-4F70-B8B9-632737D1278C} = {D8DC386E-31E9-4DE5-AFF1-119C7342C583}
	EndGlobalSection
	GlobalSection(ExtensibilityGlobals) = postSolution
		SolutionGuid = {77D7677C-894B-4704-9F22-D96AE07EB721}
	EndGlobalSection
	GlobalSection(SubversionScc) = preSolution
		Svn-Managed = True
		Manager = AnkhSVN - Subversion Support for Visual Studio
	EndGlobalSection
EndGlobal
